
Microsoft Visual Studio Solution File, Format Version 12.00
# Visual Studio 15
VisualStudioVersion = 15.0.27428.2011
MinimumVisualStudioVersion = 10.0.40219.1
Project("{FAE04EC0-301F-11D3-BF4B-00C04F79EFBC}") = "UA3REO Sweep Analyzer", "UA3REO Sweep Analyzer\UA3REO Sweep Analyzer.csproj", "{BC255789-C086-4CE3-B161-2C31F5104636}"
EndProject
Global
	GlobalSection(SolutionConfigurationPlatforms) = preSolution
		Debug|Any CPU = Debug|Any CPU
		Release|Any CPU = Release|Any CPU
	EndGlobalSection
	GlobalSection(ProjectConfigurationPlatforms) = postSolution
		{BC255789-C086-4CE3-B161-2C31F5104636}.Debug|Any CPU.ActiveCfg = Debug|Any CPU
		{BC255789-C086-4CE3-B161-2C31F5104636}.Debug|Any CPU.Build.0 = Debug|Any CPU
		{BC255789-C086-4CE3-B161-2C31F5104636}.Release|Any CPU.ActiveCfg = Release|Any CPU
		{BC255789-C086-4CE3-B161-2C31F5104636}.Release|Any CPU.Build.0 = Release|Any CPU
	EndGlobalSection
	GlobalSection(SolutionProperties) = preSolution
		HideSolutionNode = FALSE
	EndGlobalSection
	GlobalSection(ExtensibilityGlobals) = postSolution
		SolutionGuid = {BF5BBB5D-F0F3-46F5-977B-243B60090862}
	EndGlobalSection
EndGlobal
